
Microsoft Visual Studio Solution File, Format Version 12.00
# Visual Studio Version 16
VisualStudioVersion = 16.0.29403.142
MinimumVisualStudioVersion = 10.0.40219.1
Project("{FAE04EC0-301F-11D3-BF4B-00C04F79EFBC}") = "FahrenheitToCelsius", "FahrenheitToCelsius\FahrenheitToCelsius.csproj", "{0F775CEE-63ED-46B4-84BB-AB76E7EA1D23}"
EndProject
Global
	GlobalSection(SolutionConfigurationPlatforms) = preSolution
		Debug|Any CPU = Debug|Any CPU
		Release|Any CPU = Release|Any CPU
	EndGlobalSection
	GlobalSection(ProjectConfigurationPlatforms) = postSolution
		{0F775CEE-63ED-46B4-84BB-AB76E7EA1D23}.Debug|Any CPU.ActiveCfg = Debug|Any CPU
		{0F775CEE-63ED-46B4-84BB-AB76E7EA1D23}.Debug|Any CPU.Build.0 = Debug|Any CPU
		{0F775CEE-63ED-46B4-84BB-AB76E7EA1D23}.Release|Any CPU.ActiveCfg = Release|Any CPU
		{0F775CEE-63ED-46B4-84BB-AB76E7EA1D23}.Release|Any CPU.Build.0 = Release|Any CPU
	EndGlobalSection
	GlobalSection(SolutionProperties) = preSolution
		HideSolutionNode = FALSE
	EndGlobalSection
	GlobalSection(ExtensibilityGlobals) = postSolution
		SolutionGuid = {CCB0722D-B56C-4A52-972D-C48134DDE651}
	EndGlobalSection
EndGlobal
