
Microsoft Visual Studio Solution File, Format Version 12.00
# Visual Studio Version 16
VisualStudioVersion = 16.0.29403.142
MinimumVisualStudioVersion = 10.0.40219.1
Project("{FAE04EC0-301F-11D3-BF4B-00C04F79EFBC}") = "DemoVariables3", "DemoVariables3\DemoVariables3.csproj", "{00DA0B72-5DDD-4A0A-A38F-8AFCFF007E9E}"
EndProject
Global
	GlobalSection(SolutionConfigurationPlatforms) = preSolution
		Debug|Any CPU = Debug|Any CPU
		Release|Any CPU = Release|Any CPU
	EndGlobalSection
	GlobalSection(ProjectConfigurationPlatforms) = postSolution
		{00DA0B72-5DDD-4A0A-A38F-8AFCFF007E9E}.Debug|Any CPU.ActiveCfg = Debug|Any CPU
		{00DA0B72-5DDD-4A0A-A38F-8AFCFF007E9E}.Debug|Any CPU.Build.0 = Debug|Any CPU
		{00DA0B72-5DDD-4A0A-A38F-8AFCFF007E9E}.Release|Any CPU.ActiveCfg = Release|Any CPU
		{00DA0B72-5DDD-4A0A-A38F-8AFCFF007E9E}.Release|Any CPU.Build.0 = Release|Any CPU
	EndGlobalSection
	GlobalSection(SolutionProperties) = preSolution
		HideSolutionNode = FALSE
	EndGlobalSection
	GlobalSection(ExtensibilityGlobals) = postSolution
		SolutionGuid = {EDDCE26C-23B5-48E1-81B4-6DEB95ADA382}
	EndGlobalSection
EndGlobal
