
Microsoft Visual Studio Solution File, Format Version 12.00
# Visual Studio Version 16
VisualStudioVersion = 16.0.29403.142
MinimumVisualStudioVersion = 10.0.40219.1
Project("{FAE04EC0-301F-11D3-BF4B-00C04F79EFBC}") = "Dollars", "Dollars\Dollars.csproj", "{FB93693E-D868-4428-A130-C1F7E0F4D177}"
EndProject
Global
	GlobalSection(SolutionConfigurationPlatforms) = preSolution
		Debug|Any CPU = Debug|Any CPU
		Release|Any CPU = Release|Any CPU
	EndGlobalSection
	GlobalSection(ProjectConfigurationPlatforms) = postSolution
		{FB93693E-D868-4428-A130-C1F7E0F4D177}.Debug|Any CPU.ActiveCfg = Debug|Any CPU
		{FB93693E-D868-4428-A130-C1F7E0F4D177}.Debug|Any CPU.Build.0 = Debug|Any CPU
		{FB93693E-D868-4428-A130-C1F7E0F4D177}.Release|Any CPU.ActiveCfg = Release|Any CPU
		{FB93693E-D868-4428-A130-C1F7E0F4D177}.Release|Any CPU.Build.0 = Release|Any CPU
	EndGlobalSection
	GlobalSection(SolutionProperties) = preSolution
		HideSolutionNode = FALSE
	EndGlobalSection
	GlobalSection(ExtensibilityGlobals) = postSolution
		SolutionGuid = {4AC9FD95-758A-4995-94F0-CA8FD6A494D7}
	EndGlobalSection
EndGlobal
